
Microsoft Visual Studio Solution File, Format Version 12.00
# Visual Studio Version 16
VisualStudioVersion = 16.0.28803.352
MinimumVisualStudioVersion = 10.0.40219.1
Project("{FAE04EC0-301F-11D3-BF4B-00C04F79EFBC}") = "Ex1", "Ex1\Ex1.csproj", "{5B4FE850-4C03-4CAA-9B64-B4284B37184B}"
EndProject
Project("{FAE04EC0-301F-11D3-BF4B-00C04F79EFBC}") = "Ex2", "Ex2\Ex2.csproj", "{4B54F713-E4F6-4A6C-9F5F-995212BB9445}"
EndProject
Global
	GlobalSection(SolutionConfigurationPlatforms) = preSolution
		Debug|Any CPU = Debug|Any CPU
		Release|Any CPU = Release|Any CPU
	EndGlobalSection
	GlobalSection(ProjectConfigurationPlatforms) = postSolution
		{5B4FE850-4C03-4CAA-9B64-B4284B37184B}.Debug|Any CPU.ActiveCfg = Debug|Any CPU
		{5B4FE850-4C03-4CAA-9B64-B4284B37184B}.Debug|Any CPU.Build.0 = Debug|Any CPU
		{5B4FE850-4C03-4CAA-9B64-B4284B37184B}.Release|Any CPU.ActiveCfg = Release|Any CPU
		{5B4FE850-4C03-4CAA-9B64-B4284B37184B}.Release|Any CPU.Build.0 = Release|Any CPU
		{4B54F713-E4F6-4A6C-9F5F-995212BB9445}.Debug|Any CPU.ActiveCfg = Debug|Any CPU
		{4B54F713-E4F6-4A6C-9F5F-995212BB9445}.Debug|Any CPU.Build.0 = Debug|Any CPU
		{4B54F713-E4F6-4A6C-9F5F-995212BB9445}.Release|Any CPU.ActiveCfg = Release|Any CPU
		{4B54F713-E4F6-4A6C-9F5F-995212BB9445}.Release|Any CPU.Build.0 = Release|Any CPU
	EndGlobalSection
	GlobalSection(SolutionProperties) = preSolution
		HideSolutionNode = FALSE
	EndGlobalSection
	GlobalSection(ExtensibilityGlobals) = postSolution
		SolutionGuid = {9D1DCD8F-7915-4F58-B756-370B16997937}
	EndGlobalSection
EndGlobal
